
Microsoft Visual Studio Solution File, Format Version 12.00
# Visual Studio Version 17
VisualStudioVersion = 17.3.32825.248
MinimumVisualStudioVersion = 10.0.40219.1
Project("{FAE04EC0-301F-11D3-BF4B-00C04F79EFBC}") = "ConstructorsAssignment", "ConstructorsAssignment.csproj", "{3FBD3A66-FC45-40E0-A5EB-3205398BBC5A}"
EndProject
Global
	GlobalSection(SolutionConfigurationPlatforms) = preSolution
		Debug|Any CPU = Debug|Any CPU
		Release|Any CPU = Release|Any CPU
	EndGlobalSection
	GlobalSection(ProjectConfigurationPlatforms) = postSolution
		{3FBD3A66-FC45-40E0-A5EB-3205398BBC5A}.Debug|Any CPU.ActiveCfg = Debug|Any CPU
		{3FBD3A66-FC45-40E0-A5EB-3205398BBC5A}.Debug|Any CPU.Build.0 = Debug|Any CPU
		{3FBD3A66-FC45-40E0-A5EB-3205398BBC5A}.Release|Any CPU.ActiveCfg = Release|Any CPU
		{3FBD3A66-FC45-40E0-A5EB-3205398BBC5A}.Release|Any CPU.Build.0 = Release|Any CPU
	EndGlobalSection
	GlobalSection(SolutionProperties) = preSolution
		HideSolutionNode = FALSE
	EndGlobalSection
	GlobalSection(ExtensibilityGlobals) = postSolution
		SolutionGuid = {A0CDEE25-391A-4F7F-8596-5BF58C19F9E0}
	EndGlobalSection
EndGlobal
