
Microsoft Visual Studio Solution File, Format Version 12.00
# Visual Studio Version 17
VisualStudioVersion = 17.3.32825.248
MinimumVisualStudioVersion = 10.0.40219.1
Project("{FAE04EC0-301F-11D3-BF4B-00C04F79EFBC}") = "InheritanceAssignment", "InheritanceAssignment.csproj", "{2DBF819C-8A8B-41FC-B1F7-9F04AE677F03}"
EndProject
Global
	GlobalSection(SolutionConfigurationPlatforms) = preSolution
		Debug|Any CPU = Debug|Any CPU
		Release|Any CPU = Release|Any CPU
	EndGlobalSection
	GlobalSection(ProjectConfigurationPlatforms) = postSolution
		{2DBF819C-8A8B-41FC-B1F7-9F04AE677F03}.Debug|Any CPU.ActiveCfg = Debug|Any CPU
		{2DBF819C-8A8B-41FC-B1F7-9F04AE677F03}.Debug|Any CPU.Build.0 = Debug|Any CPU
		{2DBF819C-8A8B-41FC-B1F7-9F04AE677F03}.Release|Any CPU.ActiveCfg = Release|Any CPU
		{2DBF819C-8A8B-41FC-B1F7-9F04AE677F03}.Release|Any CPU.Build.0 = Release|Any CPU
	EndGlobalSection
	GlobalSection(SolutionProperties) = preSolution
		HideSolutionNode = FALSE
	EndGlobalSection
	GlobalSection(ExtensibilityGlobals) = postSolution
		SolutionGuid = {80162C94-AA7A-459E-BB86-0D5579B02F59}
	EndGlobalSection
EndGlobal
